// !$*UTF8*$!
{
	archiveVersion = 1;
	classes = {
	};
	objectVersion = 46;
	objects = {

/* Begin PBXBuildFile section */
		667736831B7497BF00031A4F /* AppDelegate.swift in Sources */ = {isa = PBXBuildFile; fileRef = 667736821B7497BF00031A4F /* AppDelegate.swift */; };
		667736851B7497BF00031A4F /* ViewController.swift in Sources */ = {isa = PBXBuildFile; fileRef = 667736841B7497BF00031A4F /* ViewController.swift */; };
		667736881B7497BF00031A4F /* Main.storyboard in Resources */ = {isa = PBXBuildFile; fileRef = 667736861B7497BF00031A4F /* Main.storyboard */; };
		6677368A1B7497BF00031A4F /* Images.xcassets in Resources */ = {isa = PBXBuildFile; fileRef = 667736891B7497BF00031A4F /* Images.xcassets */; };
		6677368D1B7497BF00031A4F /* LaunchScreen.xib in Resources */ = {isa = PBXBuildFile; fileRef = 6677368B1B7497BF00031A4F /* LaunchScreen.xib */; };
		667736991B7497BF00031A4F /* TyvioTests.swift in Sources */ = {isa = PBXBuildFile; fileRef = 667736981B7497BF00031A4F /* TyvioTests.swift */; };
		F91178D8C89A43733F70629B /* libPods.a in Frameworks */ = {isa = PBXBuildFile; fileRef = DCBDB763FF7B173310451FEF /* libPods.a */; };
/* End PBXBuildFile section */

/* Begin PBXContainerItemProxy section */
		667736931B7497BF00031A4F /* PBXContainerItemProxy */ = {
			isa = PBXContainerItemProxy;
			containerPortal = 667736751B7497BF00031A4F /* Project object */;
			proxyType = 1;
			remoteGlobalIDString = 6677367C1B7497BF00031A4F;
			remoteInfo = Tyvio;
		};
/* End PBXContainerItemProxy section */

/* Begin PBXFileReference section */
		029A092FBED628ECE83A0A4B /* Pods.debug.xcconfig */ = {isa = PBXFileReference; includeInIndex = 1; lastKnownFileType = text.xcconfig; name = Pods.debug.xcconfig; path = "Pods/Target Support Files/Pods/Pods.debug.xcconfig"; sourceTree = "<group>"; };
		4C968F3751EF37E1CAC048B5 /* Pods.release.xcconfig */ = {isa = PBXFileReference; includeInIndex = 1; lastKnownFileType = text.xcconfig; name = Pods.release.xcconfig; path = "Pods/Target Support Files/Pods/Pods.release.xcconfig"; sourceTree = "<group>"; };
		6677367D1B7497BF00031A4F /* Tyvio.app */ = {isa = PBXFileReference; explicitFileType = wrapper.application; includeInIndex = 0; path = Tyvio.app; sourceTree = BUILT_PRODUCTS_DIR; };
		667736811B7497BF00031A4F /* Info.plist */ = {isa = PBXFileReference; lastKnownFileType = text.plist.xml; path = Info.plist; sourceTree = "<group>"; };
		667736821B7497BF00031A4F /* AppDelegate.swift */ = {isa = PBXFileReference; lastKnownFileType = sourcecode.swift; path = AppDelegate.swift; sourceTree = "<group>"; };
		667736841B7497BF00031A4F /* ViewController.swift */ = {isa = PBXFileReference; lastKnownFileType = sourcecode.swift; path = ViewController.swift; sourceTree = "<group>"; };
		667736871B7497BF00031A4F /* Base */ = {isa = PBXFileReference; lastKnownFileType = file.storyboard; name = Base; path = Base.lproj/Main.storyboard; sourceTree = "<group>"; };
		667736891B7497BF00031A4F /* Images.xcassets */ = {isa = PBXFileReference; lastKnownFileType = folder.assetcatalog; path = Images.xcassets; sourceTree = "<group>"; };
		6677368C1B7497BF00031A4F /* Base */ = {isa = PBXFileReference; lastKnownFileType = file.xib; name = Base; path = Base.lproj/LaunchScreen.xib; sourceTree = "<group>"; };
		667736921B7497BF00031A4F /* TyvioTests.xctest */ = {isa = PBXFileReference; explicitFileType = wrapper.cfbundle; includeInIndex = 0; path = TyvioTests.xctest; sourceTree = BUILT_PRODUCTS_DIR; };
		667736971B7497BF00031A4F /* Info.plist */ = {isa = PBXFileReference; lastKnownFileType = text.plist.xml; path = Info.plist; sourceTree = "<group>"; };
		667736981B7497BF00031A4F /* TyvioTests.swift */ = {isa = PBXFileReference; lastKnownFileType = sourcecode.swift; path = TyvioTests.swift; sourceTree = "<group>"; };
		DCBDB763FF7B173310451FEF /* libPods.a */ = {isa = PBXFileReference; explicitFileType = archive.ar; includeInIndex = 0; path = libPods.a; sourceTree = BUILT_PRODUCTS_DIR; };
/* End PBXFileReference section */

/* Begin PBXFrameworksBuildPhase section */
		6677367A1B7497BF00031A4F /* Frameworks */ = {
			isa = PBXFrameworksBuildPhase;
			buildActionMask = 2147483647;
			files = (
				F91178D8C89A43733F70629B /* libPods.a in Frameworks */,
			);
			runOnlyForDeploymentPostprocessing = 0;
		};
		6677368F1B7497BF00031A4F /* Frameworks */ = {
			isa = PBXFrameworksBuildPhase;
			buildActionMask = 2147483647;
			files = (
			);
			runOnlyForDeploymentPostprocessing = 0;
		};
/* End PBXFrameworksBuildPhase section */

/* Begin PBXGroup section */
		667736741B7497BF00031A4F = {
			isa = PBXGroup;
			children = (
				6677367F1B7497BF00031A4F /* Tyvio */,
				667736951B7497BF00031A4F /* TyvioTests */,
				6677367E1B7497BF00031A4F /* Products */,
				89D081F61F335E26419C9D30 /* Pods */,
				B642F1465DD9390F2266FA03 /* Frameworks */,
			);
			sourceTree = "<group>";
		};
		6677367E1B7497BF00031A4F /* Products */ = {
			isa = PBXGroup;
			children = (
				6677367D1B7497BF00031A4F /* Tyvio.app */,
				667736921B7497BF00031A4F /* TyvioTests.xctest */,
			);
			name = Products;
			sourceTree = "<group>";
		};
		6677367F1B7497BF00031A4F /* Tyvio */ = {
			isa = PBXGroup;
			children = (
				667736821B7497BF00031A4F /* AppDelegate.swift */,
				667736841B7497BF00031A4F /* ViewController.swift */,
				667736861B7497BF00031A4F /* Main.storyboard */,
				667736891B7497BF00031A4F /* Images.xcassets */,
				6677368B1B7497BF00031A4F /* LaunchScreen.xib */,
				667736801B7497BF00031A4F /* Supporting Files */,
			);
			path = Tyvio;
			sourceTree = "<group>";
		};
		667736801B7497BF00031A4F /* Supporting Files */ = {
			isa = PBXGroup;
			children = (
				667736811B7497BF00031A4F /* Info.plist */,
			);
			name = "Supporting Files";
			sourceTree = "<group>";
		};
		667736951B7497BF00031A4F /* TyvioTests */ = {
			isa = PBXGroup;
			children = (
				667736981B7497BF00031A4F /* TyvioTests.swift */,
				667736961B7497BF00031A4F /* Supporting Files */,
			);
			path = TyvioTests;
			sourceTree = "<group>";
		};
		667736961B7497BF00031A4F /* Supporting Files */ = {
			isa = PBXGroup;
			children = (
				667736971B7497BF00031A4F /* Info.plist */,
			);
			name = "Supporting Files";
			sourceTree = "<group>";
		};
		89D081F61F335E26419C9D30 /* Pods */ = {
			isa = PBXGroup;
			children = (
				029A092FBED628ECE83A0A4B /* Pods.debug.xcconfig */,
				4C968F3751EF37E1CAC048B5 /* Pods.release.xcconfig */,
			);
			name = Pods;
			sourceTree = "<group>";
		};
		B642F1465DD9390F2266FA03 /* Frameworks */ = {
			isa = PBXGroup;
			children = (
				DCBDB763FF7B173310451FEF /* libPods.a */,
			);
			name = Frameworks;
			sourceTree = "<group>";
		};
/* End PBXGroup section */

/* Begin PBXNativeTarget section */
		6677367C1B7497BF00031A4F /* Tyvio */ = {
			isa = PBXNativeTarget;
			buildConfigurationList = 6677369C1B7497BF00031A4F /* Build configuration list for PBXNativeTarget "Tyvio" */;
			buildPhases = (
				FC1F5B415B6A9AD04D13359C /* Check Pods Manifest.lock */,
				667736791B7497BF00031A4F /* Sources */,
				6677367A1B7497BF00031A4F /* Frameworks */,
				6677367B1B7497BF00031A4F /* Resources */,
				C63CEDAED836502348D037E8 /* Copy Pods Resources */,
			);
			buildRules = (
			);
			dependencies = (
			);
			name = Tyvio;
			productName = Tyvio;
			productReference = 6677367D1B7497BF00031A4F /* Tyvio.app */;
			productType = "com.apple.product-type.application";
		};
		667736911B7497BF00031A4F /* TyvioTests */ = {
			isa = PBXNativeTarget;
			buildConfigurationList = 6677369F1B7497BF00031A4F /* Build configuration list for PBXNativeTarget "TyvioTests" */;
			buildPhases = (
				6677368E1B7497BF00031A4F /* Sources */,
				6677368F1B7497BF00031A4F /* Frameworks */,
				667736901B7497BF00031A4F /* Resources */,
			);
			buildRules = (
			);
			dependencies = (
				667736941B7497BF00031A4F /* PBXTargetDependency */,
			);
			name = TyvioTests;
			productName = TyvioTests;
			productReference = 667736921B7497BF00031A4F /* TyvioTests.xctest */;
			productType = "com.apple.product-type.bundle.unit-test";
		};
/* End PBXNativeTarget section */

/* Begin PBXProject section */
		667736751B7497BF00031A4F /* Project object */ = {
			isa = PBXProject;
			attributes = {
				LastUpgradeCheck = 0640;
				ORGANIZATIONNAME = Cindt;
				TargetAttributes = {
					6677367C1B7497BF00031A4F = {
						CreatedOnToolsVersion = 6.4;
					};
					667736911B7497BF00031A4F = {
						CreatedOnToolsVersion = 6.4;
						TestTargetID = 6677367C1B7497BF00031A4F;
					};
				};
			};
			buildConfigurationList = 667736781B7497BF00031A4F /* Build configuration list for PBXProject "Tyvio" */;
			compatibilityVersion = "Xcode 3.2";
			developmentRegion = English;
			hasScannedForEncodings = 0;
			knownRegions = (
				en,
				Base,
			);
			mainGroup = 667736741B7497BF00031A4F;
			productRefGroup = 6677367E1B7497BF00031A4F /* Products */;
			projectDirPath = "";
			projectRoot = "";
			targets = (
				6677367C1B7497BF00031A4F /* Tyvio */,
				667736911B7497BF00031A4F /* TyvioTests */,
			);
		};
/* End PBXProject section */

/* Begin PBXResourcesBuildPhase section */
		6677367B1B7497BF00031A4F /* Resources */ = {
			isa = PBXResourcesBuildPhase;
			buildActionMask = 2147483647;
			files = (
				667736881B7497BF00031A4F /* Main.storyboard in Resources */,
				6677368D1B7497BF00031A4F /* LaunchScreen.xib in Resources */,
				6677368A1B7497BF00031A4F /* Images.xcassets in Resources */,
			);
			runOnlyForDeploymentPostprocessing = 0;
		};
		667736901B7497BF00031A4F /* Resources */ = {
			isa = PBXResourcesBuildPhase;
			buildActionMask = 2147483647;
			files = (
			);
			runOnlyForDeploymentPostprocessing = 0;
		};
/* End PBXResourcesBuildPhase section */

/* Begin PBXShellScriptBuildPhase section */
		C63CEDAED836502348D037E8 /* Copy Pods Resources */ = {
			isa = PBXShellScriptBuildPhase;
			buildActionMask = 2147483647;
			files = (
			);
			inputPaths = (
			);
			name = "Copy Pods Resources";
			outputPaths = (
			);
			runOnlyForDeploymentPostprocessing = 0;
			shellPath = /bin/sh;
			shellScript = "\"${SRCROOT}/Pods/Target Support Files/Pods/Pods-resources.sh\"\n";
			showEnvVarsInLog = 0;
		};
		FC1F5B415B6A9AD04D13359C /* Check Pods Manifest.lock */ = {
			isa = PBXShellScriptBuildPhase;
			buildActionMask = 2147483647;
			files = (
			);
			inputPaths = (
			);
			name = "Check Pods Manifest.lock";
			outputPaths = (
			);
			runOnlyForDeploymentPostprocessing = 0;
			shellPath = /bin/sh;
			shellScript = "diff \"${PODS_ROOT}/../Podfile.lock\" \"${PODS_ROOT}/Manifest.lock\" > /dev/null\nif [[ $? != 0 ]] ; then\n    cat << EOM\nerror: The sandbox is not in sync with the Podfile.lock. Run 'pod install' or update your CocoaPods installation.\nEOM\n    exit 1\nfi\n";
			showEnvVarsInLog = 0;
		};
/* End PBXShellScriptBuildPhase section */

/* Begin PBXSourcesBuildPhase section */
		667736791B7497BF00031A4F /* Sources */ = {
			isa = PBXSourcesBuildPhase;
			buildActionMask = 2147483647;
			files = (
				667736851B7497BF00031A4F /* ViewController.swift in Sources */,
				667736831B7497BF00031A4F /* AppDelegate.swift in Sources */,
			);
			runOnlyForDeploymentPostprocessing = 0;
		};
		6677368E1B7497BF00031A4F /* Sources */ = {
			isa = PBXSourcesBuildPhase;
			buildActionMask = 2147483647;
			files = (
				667736991B7497BF00031A4F /* TyvioTests.swift in Sources */,
			);
			runOnlyForDeploymentPostprocessing = 0;
		};
/* End PBXSourcesBuildPhase section */

/* Begin PBXTargetDependency section */
		667736941B7497BF00031A4F /* PBXTargetDependency */ = {
			isa = PBXTargetDependency;
			target = 6677367C1B7497BF00031A4F /* Tyvio */;
			targetProxy = 667736931B7497BF00031A4F /* PBXContainerItemProxy */;
		};
/* End PBXTargetDependency section */

/* Begin PBXVariantGroup section */
		667736861B7497BF00031A4F /* Main.storyboard */ = {
			isa = PBXVariantGroup;
			children = (
				667736871B7497BF00031A4F /* Base */,
			);
			name = Main.storyboard;
			sourceTree = "<group>";
		};
		6677368B1B7497BF00031A4F /* LaunchScreen.xib */ = {
			isa = PBXVariantGroup;
			children = (
				6677368C1B7497BF00031A4F /* Base */,
			);
			name = LaunchScreen.xib;
			sourceTree = "<group>";
		};
/* End PBXVariantGroup section */

/* Begin XCBuildConfiguration section */
		6677369A1B7497BF00031A4F /* Debug */ = {
			isa = XCBuildConfiguration;
			buildSettings = {
				ALWAYS_SEARCH_USER_PATHS = NO;
				CLANG_CXX_LANGUAGE_STANDARD = "gnu++0x";
				CLANG_CXX_LIBRARY = "libc++";
				CLANG_ENABLE_MODULES = YES;
				CLANG_ENABLE_OBJC_ARC = YES;
				CLANG_WARN_BOOL_CONVERSION = YES;
				CLANG_WARN_CONSTANT_CONVERSION = YES;
				CLANG_WARN_DIRECT_OBJC_ISA_USAGE = YES_ERROR;
				CLANG_WARN_EMPTY_BODY = YES;
				CLANG_WARN_ENUM_CONVERSION = YES;
				CLANG_WARN_INT_CONVERSION = YES;
				CLANG_WARN_OBJC_ROOT_CLASS = YES_ERROR;
				CLANG_WARN_UNREACHABLE_CODE = YES;
				CLANG_WARN__DUPLICATE_METHOD_MATCH = YES;
				"CODE_SIGN_IDENTITY[sdk=iphoneos*]" = "iPhone Developer";
				COPY_PHASE_STRIP = NO;
				DEBUG_INFORMATION_FORMAT = "dwarf-with-dsym";
				ENABLE_STRICT_OBJC_MSGSEND = YES;
				GCC_C_LANGUAGE_STANDARD = gnu99;
				GCC_DYNAMIC_NO_PIC = NO;
				GCC_NO_COMMON_BLOCKS = YES;
				GCC_OPTIMIZATION_LEVEL = 0;
				GCC_PREPROCESSOR_DEFINITIONS = (
					"DEBUG=1",
					"$(inherited)",
				);
				GCC_SYMBOLS_PRIVATE_EXTERN = NO;
				GCC_WARN_64_TO_32_BIT_CONVERSION = YES;
				GCC_WARN_ABOUT_RETURN_TYPE = YES_ERROR;
				GCC_WARN_UNDECLARED_SELECTOR = YES;
				GCC_WARN_UNINITIALIZED_AUTOS = YES_AGGRESSIVE;
				GCC_WARN_UNUSED_FUNCTION = YES;
				GCC_WARN_UNUSED_VARIABLE = YES;
				IPHONEOS_DEPLOYMENT_TARGET = 8.4;
				MTL_ENABLE_DEBUG_INFO = YES;
				ONLY_ACTIVE_ARCH = YES;
				SDKROOT = iphoneos;
				SWIFT_OPTIMIZATION_LEVEL = "-Onone";
				TARGETED_DEVICE_FAMILY = "1,2";
			};
			name = Debug;
		};
		6677369B1B7497BF00031A4F /* Release */ = {
			isa = XCBuildConfiguration;
			buildSettings = {
				ALWAYS_SEARCH_USER_PATHS = NO;
				CLANG_CXX_LANGUAGE_STANDARD = "gnu++0x";
				CLANG_CXX_LIBRARY = "libc++";
				CLANG_ENABLE_MODULES = YES;
				CLANG_ENABLE_OBJC_ARC = YES;
				CLANG_WARN_BOOL_CONVERSION = YES;
				CLANG_WARN_CONSTANT_CONVERSION = YES;
				CLANG_WARN_DIRECT_OBJC_ISA_USAGE = YES_ERROR;
				CLANG_WARN_EMPTY_BODY = YES;
				CLANG_WARN_ENUM_CONVERSION = YES;
				CLANG_WARN_INT_CONVERSION = YES;
				CLANG_WARN_OBJC_ROOT_CLASS = YES_ERROR;
				CLANG_WARN_UNREACHABLE_CODE = YES;
				CLANG_WARN__DUPLICATE_METHOD_MATCH = YES;
				"CODE_SIGN_IDENTITY[sdk=iphoneos*]" = "iPhone Developer";
				COPY_PHASE_STRIP = NO;
				DEBUG_INFORMATION_FORMAT = "dwarf-with-dsym";
				ENABLE_NS_ASSERTIONS = NO;
				ENABLE_STRICT_OBJC_MSGSEND = YES;
				GCC_C_LANGUAGE_STANDARD = gnu99;
				GCC_NO_COMMON_BLOCKS = YES;
				GCC_WARN_64_TO_32_BIT_CONVERSION = YES;
				GCC_WARN_ABOUT_RETURN_TYPE = YES_ERROR;
				GCC_WARN_UNDECLARED_SELECTOR = YES;
				GCC_WARN_UNINITIALIZED_AUTOS = YES_AGGRESSIVE;
				GCC_WARN_UNUSED_FUNCTION = YES;
				GCC_WARN_UNUSED_VARIABLE = YES;
				IPHONEOS_DEPLOYMENT_TARGET = 8.4;
				MTL_ENABLE_DEBUG_INFO = NO;
				SDKROOT = iphoneos;
				TARGETED_DEVICE_FAMILY = "1,2";
				VALIDATE_PRODUCT = YES;
			};
			name = Release;
		};
		6677369D1B7497BF00031A4F /* Debug */ = {
			isa = XCBuildConfiguration;
			baseConfigurationReference = 029A092FBED628ECE83A0A4B /* Pods.debug.xcconfig */;
			buildSettings = {
				ASSETCATALOG_COMPILER_APPICON_NAME = AppIcon;
				INFOPLIST_FILE = Tyvio/Info.plist;
				LD_RUNPATH_SEARCH_PATHS = "$(inherited) @executable_path/Frameworks";
				PRODUCT_NAME = "$(TARGET_NAME)";
			};
			name = Debug;
		};
		6677369E1B7497BF00031A4F /* Release */ = {
			isa = XCBuildConfiguration;
			baseConfigurationReference = 4C968F3751EF37E1CAC048B5 /* Pods.release.xcconfig */;
			buildSettings = {
				ASSETCATALOG_COMPILER_APPICON_NAME = AppIcon;
				INFOPLIST_FILE = Tyvio/Info.plist;
				LD_RUNPATH_SEARCH_PATHS = "$(inherited) @executable_path/Frameworks";
				PRODUCT_NAME = "$(TARGET_NAME)";
			};
			name = Release;
		};
		667736A01B7497BF00031A4F /* Debug */ = {
			isa = XCBuildConfiguration;
			buildSettings = {
				BUNDLE_LOADER = "$(TEST_HOST)";
				FRAMEWORK_SEARCH_PATHS = (
					"$(SDKROOT)/Developer/Library/Frameworks",
					"$(inherited)",
				);
				GCC_PREPROCESSOR_DEFINITIONS = (
					"DEBUG=1",
					"$(inherited)",
				);
				INFOPLIST_FILE = TyvioTests/Info.plist;
				LD_RUNPATH_SEARCH_PATHS = "$(inherited) @executable_path/Frameworks @loader_path/Frameworks";
				PRODUCT_NAME = "$(TARGET_NAME)";
				TEST_HOST = "$(BUILT_PRODUCTS_DIR)/Tyvio.app/Tyvio";
			};
			name = Debug;
		};
		667736A11B7497BF00031A4F /* Release */ = {
			isa = XCBuildConfiguration;
			buildSettings = {
				BUNDLE_LOADER = "$(TEST_HOST)";
				FRAMEWORK_SEARCH_PATHS = (
					"$(SDKROOT)/Developer/Library/Frameworks",
					"$(inherited)",
				);
				INFOPLIST_FILE = TyvioTests/Info.plist;
				LD_RUNPATH_SEARCH_PATHS = "$(inherited) @executable_path/Frameworks @loader_path/Frameworks";
				PRODUCT_NAME = "$(TARGET_NAME)";
				TEST_HOST = "$(BUILT_PRODUCTS_DIR)/Tyvio.app/Tyvio";
			};
			name = Release;
		};
/* End XCBuildConfiguration section */

/* Begin XCConfigurationList section */
		667736781B7497BF00031A4F /* Build configuration list for PBXProject "Tyvio" */ = {
			isa = XCConfigurationList;
			buildConfigurations = (
				6677369A1B7497BF00031A4F /* Debug */,
				6677369B1B7497BF00031A4F /* Release */,
			);
			defaultConfigurationIsVisible = 0;
			defaultConfigurationName = Release;
		};
		6677369C1B7497BF00031A4F /* Build configuration list for PBXNativeTarget "Tyvio" */ = {
			isa = XCConfigurationList;
			buildConfigurations = (
				6677369D1B7497BF00031A4F /* Debug */,
				6677369E1B7497BF00031A4F /* Release */,
			);
			defaultConfigurationIsVisible = 0;
			defaultConfigurationName = Release;
		};
		6677369F1B7497BF00031A4F /* Build configuration list for PBXNativeTarget "TyvioTests" */ = {
			isa = XCConfigurationList;
			buildConfigurations = (
				667736A01B7497BF00031A4F /* Debug */,
				667736A11B7497BF00031A4F /* Release */,
			);
			defaultConfigurationIsVisible = 0;
			defaultConfigurationName = Release;
		};
/* End XCConfigurationList section */
	};
	rootObject = 667736751B7497BF00031A4F /* Project object */;
}
